// !$*UTF8*$!
{
	archiveVersion = 1;
	classes = {
	};
	objectVersion = 77;
	objects = {

/* Begin PBXBuildFile section */
		9B5BF5412DFEC34700088946 /* FirebaseAnalytics in Frameworks */ = {isa = PBXBuildFile; productRef = 9B5BF5402DFEC34700088946 /* FirebaseAnalytics */; };
		9B5BF5432DFEC34700088946 /* FirebaseAuth in Frameworks */ = {isa = PBXBuildFile; productRef = 9B5BF5422DFEC34700088946 /* FirebaseAuth */; };
		9B5BF5452DFEC34700088946 /* FirebaseCore in Frameworks */ = {isa = PBXBuildFile; productRef = 9B5BF5442DFEC34700088946 /* FirebaseCore */; };
		9B5BF5472DFEC34700088946 /* FirebaseDatabase in Frameworks */ = {isa = PBXBuildFile; productRef = 9B5BF5462DFEC34700088946 /* FirebaseDatabase */; };
		9B5BF5492DFEC34700088946 /* FirebaseFirestore in Frameworks */ = {isa = PBXBuildFile; productRef = 9B5BF5482DFEC34700088946 /* FirebaseFirestore */; };
		9B5BF54B2DFEC34700088946 /* FirebaseInAppMessaging-Beta in Frameworks */ = {isa = PBXBuildFile; productRef = 9B5BF54A2DFEC34700088946 /* FirebaseInAppMessaging-Beta */; };
		9B5BF54D2DFEC34700088946 /* FirebaseMessaging in Frameworks */ = {isa = PBXBuildFile; productRef = 9B5BF54C2DFEC34700088946 /* FirebaseMessaging */; };
		9B5BF54F2DFEC34700088946 /* FirebaseStorage in Frameworks */ = {isa = PBXBuildFile; productRef = 9B5BF54E2DFEC34700088946 /* FirebaseStorage */; };
/* End PBXBuildFile section */

/* Begin PBXContainerItemProxy section */
		9B5BF51E2DFEAB9200088946 /* PBXContainerItemProxy */ = {
			isa = PBXContainerItemProxy;
			containerPortal = 9B5BF5072DFEAB9000088946 /* Project object */;
			proxyType = 1;
			remoteGlobalIDString = 9B5BF50E2DFEAB9000088946;
			remoteInfo = CarMeetsGo;
		};
		9B5BF5282DFEAB9200088946 /* PBXContainerItemProxy */ = {
			isa = PBXContainerItemProxy;
			containerPortal = 9B5BF5072DFEAB9000088946 /* Project object */;
			proxyType = 1;
			remoteGlobalIDString = 9B5BF50E2DFEAB9000088946;
			remoteInfo = CarMeetsGo;
		};
/* End PBXContainerItemProxy section */

/* Begin PBXFileReference section */
		9B5BF50F2DFEAB9000088946 /* CarMeetsGo.app */ = {isa = PBXFileReference; explicitFileType = wrapper.application; includeInIndex = 0; path = CarMeetsGo.app; sourceTree = BUILT_PRODUCTS_DIR; };
		9B5BF51D2DFEAB9200088946 /* CarMeetsGoTests.xctest */ = {isa = PBXFileReference; explicitFileType = wrapper.cfbundle; includeInIndex = 0; path = CarMeetsGoTests.xctest; sourceTree = BUILT_PRODUCTS_DIR; };
		9B5BF5272DFEAB9200088946 /* CarMeetsGoUITests.xctest */ = {isa = PBXFileReference; explicitFileType = wrapper.cfbundle; includeInIndex = 0; path = CarMeetsGoUITests.xctest; sourceTree = BUILT_PRODUCTS_DIR; };
/* End PBXFileReference section */

/* Begin PBXFileSystemSynchronizedRootGroup section */
		9B5BF5112DFEAB9000088946 /* CarMeetsGo */ = {
			isa = PBXFileSystemSynchronizedRootGroup;
			path = CarMeetsGo;
			sourceTree = "<group>";
		};
		9B5BF5202DFEAB9200088946 /* CarMeetsGoTests */ = {
			isa = PBXFileSystemSynchronizedRootGroup;
			path = CarMeetsGoTests;
			sourceTree = "<group>";
		};
		9B5BF52A2DFEAB9200088946 /* CarMeetsGoUITests */ = {
			isa = PBXFileSystemSynchronizedRootGroup;
			path = CarMeetsGoUITests;
			sourceTree = "<group>";
		};
/* End PBXFileSystemSynchronizedRootGroup section */

/* Begin PBXFrameworksBuildPhase section */
		9B5BF50C2DFEAB9000088946 /* Frameworks */ = {
			isa = PBXFrameworksBuildPhase;
			buildActionMask = 2147483647;
			files = (
				9B5BF5412DFEC34700088946 /* FirebaseAnalytics in Frameworks */,
				9B5BF5452DFEC34700088946 /* FirebaseCore in Frameworks */,
				9B5BF54D2DFEC34700088946 /* FirebaseMessaging in Frameworks */,
				9B5BF5472DFEC34700088946 /* FirebaseDatabase in Frameworks */,
				9B5BF5492DFEC34700088946 /* FirebaseFirestore in Frameworks */,
				9B5BF54F2DFEC34700088946 /* FirebaseStorage in Frameworks */,
				9B5BF5432DFEC34700088946 /* FirebaseAuth in Frameworks */,
				9B5BF54B2DFEC34700088946 /* FirebaseInAppMessaging-Beta in Frameworks */,
			);
			runOnlyForDeploymentPostprocessing = 0;
		};
		9B5BF51A2DFEAB9200088946 /* Frameworks */ = {
			isa = PBXFrameworksBuildPhase;
			buildActionMask = 2147483647;
			files = (
			);
			runOnlyForDeploymentPostprocessing = 0;
		};
		9B5BF5242DFEAB9200088946 /* Frameworks */ = {
			isa = PBXFrameworksBuildPhase;
			buildActionMask = 2147483647;
			files = (
			);
			runOnlyForDeploymentPostprocessing = 0;
		};
/* End PBXFrameworksBuildPhase section */

/* Begin PBXGroup section */
		9B5BF5062DFEAB9000088946 = {
			isa = PBXGroup;
			children = (
				9B5BF5112DFEAB9000088946 /* CarMeetsGo */,
				9B5BF5202DFEAB9200088946 /* CarMeetsGoTests */,
				9B5BF52A2DFEAB9200088946 /* CarMeetsGoUITests */,
				9B5BF5102DFEAB9000088946 /* Products */,
			);
			sourceTree = "<group>";
		};
		9B5BF5102DFEAB9000088946 /* Products */ = {
			isa = PBXGroup;
			children = (
				9B5BF50F2DFEAB9000088946 /* CarMeetsGo.app */,
				9B5BF51D2DFEAB9200088946 /* CarMeetsGoTests.xctest */,
				9B5BF5272DFEAB9200088946 /* CarMeetsGoUITests.xctest */,
			);
			name = Products;
			sourceTree = "<group>";
		};
/* End PBXGroup section */

/* Begin PBXNativeTarget section */
		9B5BF50E2DFEAB9000088946 /* CarMeetsGo */ = {
			isa = PBXNativeTarget;
			buildConfigurationList = 9B5BF5312DFEAB9200088946 /* Build configuration list for PBXNativeTarget "CarMeetsGo" */;
			buildPhases = (
				9B5BF50B2DFEAB9000088946 /* Sources */,
				9B5BF50C2DFEAB9000088946 /* Frameworks */,
				9B5BF50D2DFEAB9000088946 /* Resources */,
			);
			buildRules = (
			);
			dependencies = (
			);
			fileSystemSynchronizedGroups = (
				9B5BF5112DFEAB9000088946 /* CarMeetsGo */,
			);
			name = CarMeetsGo;
			packageProductDependencies = (
				9B5BF5402DFEC34700088946 /* FirebaseAnalytics */,
				9B5BF5422DFEC34700088946 /* FirebaseAuth */,
				9B5BF5442DFEC34700088946 /* FirebaseCore */,
				9B5BF5462DFEC34700088946 /* FirebaseDatabase */,
				9B5BF5482DFEC34700088946 /* FirebaseFirestore */,
				9B5BF54A2DFEC34700088946 /* FirebaseInAppMessaging-Beta */,
				9B5BF54C2DFEC34700088946 /* FirebaseMessaging */,
				9B5BF54E2DFEC34700088946 /* FirebaseStorage */,
			);
			productName = CarMeetsGo;
			productReference = 9B5BF50F2DFEAB9000088946 /* CarMeetsGo.app */;
			productType = "com.apple.product-type.application";
		};
		9B5BF51C2DFEAB9200088946 /* CarMeetsGoTests */ = {
			isa = PBXNativeTarget;
			buildConfigurationList = 9B5BF5342DFEAB9200088946 /* Build configuration list for PBXNativeTarget "CarMeetsGoTests" */;
			buildPhases = (
				9B5BF5192DFEAB9200088946 /* Sources */,
				9B5BF51A2DFEAB9200088946 /* Frameworks */,
				9B5BF51B2DFEAB9200088946 /* Resources */,
			);
			buildRules = (
			);
			dependencies = (
				9B5BF51F2DFEAB9200088946 /* PBXTargetDependency */,
			);
			fileSystemSynchronizedGroups = (
				9B5BF5202DFEAB9200088946 /* CarMeetsGoTests */,
			);
			name = CarMeetsGoTests;
			packageProductDependencies = (
			);
			productName = CarMeetsGoTests;
			productReference = 9B5BF51D2DFEAB9200088946 /* CarMeetsGoTests.xctest */;
			productType = "com.apple.product-type.bundle.unit-test";
		};
		9B5BF5262DFEAB9200088946 /* CarMeetsGoUITests */ = {
			isa = PBXNativeTarget;
			buildConfigurationList = 9B5BF5372DFEAB9200088946 /* Build configuration list for PBXNativeTarget "CarMeetsGoUITests" */;
			buildPhases = (
				9B5BF5232DFEAB9200088946 /* Sources */,
				9B5BF5242DFEAB9200088946 /* Frameworks */,
				9B5BF5252DFEAB9200088946 /* Resources */,
			);
			buildRules = (
			);
			dependencies = (
				9B5BF5292DFEAB9200088946 /* PBXTargetDependency */,
			);
			fileSystemSynchronizedGroups = (
				9B5BF52A2DFEAB9200088946 /* CarMeetsGoUITests */,
			);
			name = CarMeetsGoUITests;
			packageProductDependencies = (
			);
			productName = CarMeetsGoUITests;
			productReference = 9B5BF5272DFEAB9200088946 /* CarMeetsGoUITests.xctest */;
			productType = "com.apple.product-type.bundle.ui-testing";
		};
/* End PBXNativeTarget section */

/* Begin PBXProject section */
		9B5BF5072DFEAB9000088946 /* Project object */ = {
			isa = PBXProject;
			attributes = {
				BuildIndependentTargetsInParallel = 1;
				LastSwiftUpdateCheck = 1640;
				LastUpgradeCheck = 1640;
				TargetAttributes = {
					9B5BF50E2DFEAB9000088946 = {
						CreatedOnToolsVersion = 16.4;
					};
					9B5BF51C2DFEAB9200088946 = {
						CreatedOnToolsVersion = 16.4;
						TestTargetID = 9B5BF50E2DFEAB9000088946;
					};
					9B5BF5262DFEAB9200088946 = {
						CreatedOnToolsVersion = 16.4;
						TestTargetID = 9B5BF50E2DFEAB9000088946;
					};
				};
			};
			buildConfigurationList = 9B5BF50A2DFEAB9000088946 /* Build configuration list for PBXProject "CarMeetsGo" */;
			developmentRegion = en;
			hasScannedForEncodings = 0;
			knownRegions = (
				en,
				Base,
			);
			mainGroup = 9B5BF5062DFEAB9000088946;
			minimizedProjectReferenceProxies = 1;
			packageReferences = (
				9B5BF53F2DFEC34700088946 /* XCRemoteSwiftPackageReference "firebase-ios-sdk" */,
			);
			preferredProjectObjectVersion = 77;
			productRefGroup = 9B5BF5102DFEAB9000088946 /* Products */;
			projectDirPath = "";
			projectRoot = "";
			targets = (
				9B5BF50E2DFEAB9000088946 /* CarMeetsGo */,
				9B5BF51C2DFEAB9200088946 /* CarMeetsGoTests */,
				9B5BF5262DFEAB9200088946 /* CarMeetsGoUITests */,
			);
		};
/* End PBXProject section */

/* Begin PBXResourcesBuildPhase section */
		9B5BF50D2DFEAB9000088946 /* Resources */ = {
			isa = PBXResourcesBuildPhase;
			buildActionMask = 2147483647;
			files = (
			);
			runOnlyForDeploymentPostprocessing = 0;
		};
		9B5BF51B2DFEAB9200088946 /* Resources */ = {
			isa = PBXResourcesBuildPhase;
			buildActionMask = 2147483647;
			files = (
			);
			runOnlyForDeploymentPostprocessing = 0;
		};
		9B5BF5252DFEAB9200088946 /* Resources */ = {
			isa = PBXResourcesBuildPhase;
			buildActionMask = 2147483647;
			files = (
			);
			runOnlyForDeploymentPostprocessing = 0;
		};
/* End PBXResourcesBuildPhase section */

/* Begin PBXSourcesBuildPhase section */
		9B5BF50B2DFEAB9000088946 /* Sources */ = {
			isa = PBXSourcesBuildPhase;
			buildActionMask = 2147483647;
			files = (
			);
			runOnlyForDeploymentPostprocessing = 0;
		};
		9B5BF5192DFEAB9200088946 /* Sources */ = {
			isa = PBXSourcesBuildPhase;
			buildActionMask = 2147483647;
			files = (
			);
			runOnlyForDeploymentPostprocessing = 0;
		};
		9B5BF5232DFEAB9200088946 /* Sources */ = {
			isa = PBXSourcesBuildPhase;
			buildActionMask = 2147483647;
			files = (
			);
			runOnlyForDeploymentPostprocessing = 0;
		};
/* End PBXSourcesBuildPhase section */

/* Begin PBXTargetDependency section */
		9B5BF51F2DFEAB9200088946 /* PBXTargetDependency */ = {
			isa = PBXTargetDependency;
			target = 9B5BF50E2DFEAB9000088946 /* CarMeetsGo */;
			targetProxy = 9B5BF51E2DFEAB9200088946 /* PBXContainerItemProxy */;
		};
		9B5BF5292DFEAB9200088946 /* PBXTargetDependency */ = {
			isa = PBXTargetDependency;
			target = 9B5BF50E2DFEAB9000088946 /* CarMeetsGo */;
			targetProxy = 9B5BF5282DFEAB9200088946 /* PBXContainerItemProxy */;
		};
/* End PBXTargetDependency section */

/* Begin XCBuildConfiguration section */
		9B5BF52F2DFEAB9200088946 /* Debug */ = {
			isa = XCBuildConfiguration;
			buildSettings = {
				ALWAYS_SEARCH_USER_PATHS = NO;
				ASSETCATALOG_COMPILER_GENERATE_SWIFT_ASSET_SYMBOL_EXTENSIONS = YES;
				CLANG_ANALYZER_NONNULL = YES;
				CLANG_ANALYZER_NUMBER_OBJECT_CONVERSION = YES_AGGRESSIVE;
				CLANG_CXX_LANGUAGE_STANDARD = "gnu++20";
				CLANG_ENABLE_MODULES = YES;
				CLANG_ENABLE_OBJC_ARC = YES;
				CLANG_ENABLE_OBJC_WEAK = YES;
				CLANG_WARN_BLOCK_CAPTURE_AUTORELEASING = YES;
				CLANG_WARN_BOOL_CONVERSION = YES;
				CLANG_WARN_COMMA = YES;
				CLANG_WARN_CONSTANT_CONVERSION = YES;
				CLANG_WARN_DEPRECATED_OBJC_IMPLEMENTATIONS = YES;
				CLANG_WARN_DIRECT_OBJC_ISA_USAGE = YES_ERROR;
				CLANG_WARN_DOCUMENTATION_COMMENTS = YES;
				CLANG_WARN_EMPTY_BODY = YES;
				CLANG_WARN_ENUM_CONVERSION = YES;
				CLANG_WARN_INFINITE_RECURSION = YES;
				CLANG_WARN_INT_CONVERSION = YES;
				CLANG_WARN_NON_LITERAL_NULL_CONVERSION = YES;
				CLANG_WARN_OBJC_IMPLICIT_RETAIN_SELF = YES;
				CLANG_WARN_OBJC_LITERAL_CONVERSION = YES;
				CLANG_WARN_OBJC_ROOT_CLASS = YES_ERROR;
				CLANG_WARN_QUOTED_INCLUDE_IN_FRAMEWORK_HEADER = YES;
				CLANG_WARN_RANGE_LOOP_ANALYSIS = YES;
				CLANG_WARN_STRICT_PROTOTYPES = YES;
				CLANG_WARN_SUSPICIOUS_MOVE = YES;
				CLANG_WARN_UNGUARDED_AVAILABILITY = YES_AGGRESSIVE;
				CLANG_WARN_UNREACHABLE_CODE = YES;
				CLANG_WARN__DUPLICATE_METHOD_MATCH = YES;
				COPY_PHASE_STRIP = NO;
				DEBUG_INFORMATION_FORMAT = dwarf;
				ENABLE_STRICT_OBJC_MSGSEND = YES;
				ENABLE_TESTABILITY = YES;
				ENABLE_USER_SCRIPT_SANDBOXING = YES;
				GCC_C_LANGUAGE_STANDARD = gnu17;
				GCC_DYNAMIC_NO_PIC = NO;
				GCC_NO_COMMON_BLOCKS = YES;
				GCC_OPTIMIZATION_LEVEL = 0;
				GCC_PREPROCESSOR_DEFINITIONS = (
					"DEBUG=1",
					"$(inherited)",
				);
				GCC_WARN_64_TO_32_BIT_CONVERSION = YES;
				GCC_WARN_ABOUT_RETURN_TYPE = YES_ERROR;
				GCC_WARN_UNDECLARED_SELECTOR = YES;
				GCC_WARN_UNINITIALIZED_AUTOS = YES_AGGRESSIVE;
				GCC_WARN_UNUSED_FUNCTION = YES;
				GCC_WARN_UNUSED_VARIABLE = YES;
				LOCALIZATION_PREFERS_STRING_CATALOGS = YES;
				MTL_ENABLE_DEBUG_INFO = INCLUDE_SOURCE;
				MTL_FAST_MATH = YES;
				ONLY_ACTIVE_ARCH = YES;
				SWIFT_ACTIVE_COMPILATION_CONDITIONS = "DEBUG $(inherited)";
				SWIFT_OPTIMIZATION_LEVEL = "-Onone";
			};
			name = Debug;
		};
		9B5BF5302DFEAB9200088946 /* Release */ = {
			isa = XCBuildConfiguration;
			buildSettings = {
				ALWAYS_SEARCH_USER_PATHS = NO;
				ASSETCATALOG_COMPILER_GENERATE_SWIFT_ASSET_SYMBOL_EXTENSIONS = YES;
				CLANG_ANALYZER_NONNULL = YES;
				CLANG_ANALYZER_NUMBER_OBJECT_CONVERSION = YES_AGGRESSIVE;
				CLANG_CXX_LANGUAGE_STANDARD = "gnu++20";
				CLANG_ENABLE_MODULES = YES;
				CLANG_ENABLE_OBJC_ARC = YES;
				CLANG_ENABLE_OBJC_WEAK = YES;
				CLANG_WARN_BLOCK_CAPTURE_AUTORELEASING = YES;
				CLANG_WARN_BOOL_CONVERSION = YES;
				CLANG_WARN_COMMA = YES;
				CLANG_WARN_CONSTANT_CONVERSION = YES;
				CLANG_WARN_DEPRECATED_OBJC_IMPLEMENTATIONS = YES;
				CLANG_WARN_DIRECT_OBJC_ISA_USAGE = YES_ERROR;
				CLANG_WARN_DOCUMENTATION_COMMENTS = YES;
				CLANG_WARN_EMPTY_BODY = YES;
				CLANG_WARN_ENUM_CONVERSION = YES;
				CLANG_WARN_INFINITE_RECURSION = YES;
				CLANG_WARN_INT_CONVERSION = YES;
				CLANG_WARN_NON_LITERAL_NULL_CONVERSION = YES;
				CLANG_WARN_OBJC_IMPLICIT_RETAIN_SELF = YES;
				CLANG_WARN_OBJC_LITERAL_CONVERSION = YES;
				CLANG_WARN_OBJC_ROOT_CLASS = YES_ERROR;
				CLANG_WARN_QUOTED_INCLUDE_IN_FRAMEWORK_HEADER = YES;
				CLANG_WARN_RANGE_LOOP_ANALYSIS = YES;
				CLANG_WARN_STRICT_PROTOTYPES = YES;
				CLANG_WARN_SUSPICIOUS_MOVE = YES;
				CLANG_WARN_UNGUARDED_AVAILABILITY = YES_AGGRESSIVE;
				CLANG_WARN_UNREACHABLE_CODE = YES;
				CLANG_WARN__DUPLICATE_METHOD_MATCH = YES;
				COPY_PHASE_STRIP = NO;
				DEBUG_INFORMATION_FORMAT = "dwarf-with-dsym";
				ENABLE_NS_ASSERTIONS = NO;
				ENABLE_STRICT_OBJC_MSGSEND = YES;
				ENABLE_USER_SCRIPT_SANDBOXING = YES;
				GCC_C_LANGUAGE_STANDARD = gnu17;
				GCC_NO_COMMON_BLOCKS = YES;
				GCC_WARN_64_TO_32_BIT_CONVERSION = YES;
				GCC_WARN_ABOUT_RETURN_TYPE = YES_ERROR;
				GCC_WARN_UNDECLARED_SELECTOR = YES;
				GCC_WARN_UNINITIALIZED_AUTOS = YES_AGGRESSIVE;
				GCC_WARN_UNUSED_FUNCTION = YES;
				GCC_WARN_UNUSED_VARIABLE = YES;
				LOCALIZATION_PREFERS_STRING_CATALOGS = YES;
				MTL_ENABLE_DEBUG_INFO = NO;
				MTL_FAST_MATH = YES;
				SWIFT_COMPILATION_MODE = wholemodule;
			};
			name = Release;
		};
		9B5BF5322DFEAB9200088946 /* Debug */ = {
			isa = XCBuildConfiguration;
			buildSettings = {
				ASSETCATALOG_COMPILER_APPICON_NAME = AppIcon;
				ASSETCATALOG_COMPILER_GLOBAL_ACCENT_COLOR_NAME = AccentColor;
				CODE_SIGN_ENTITLEMENTS = CarMeetsGo/CarMeetsGo.entitlements;
				"CODE_SIGN_IDENTITY[sdk=macosx*]" = "-";
				CODE_SIGN_STYLE = Automatic;
				CURRENT_PROJECT_VERSION = 1;
				ENABLE_PREVIEWS = YES;
				GENERATE_INFOPLIST_FILE = YES;
				INFOPLIST_KEY_CFBundleDisplayName = "Car Meets Go";
				INFOPLIST_KEY_LSApplicationCategoryType = "public.app-category.travel";
				"INFOPLIST_KEY_UIApplicationSceneManifest_Generation[sdk=iphoneos*]" = YES;
				"INFOPLIST_KEY_UIApplicationSceneManifest_Generation[sdk=iphonesimulator*]" = YES;
				"INFOPLIST_KEY_UIApplicationSupportsIndirectInputEvents[sdk=iphoneos*]" = YES;
				"INFOPLIST_KEY_UIApplicationSupportsIndirectInputEvents[sdk=iphonesimulator*]" = YES;
				"INFOPLIST_KEY_UILaunchScreen_Generation[sdk=iphoneos*]" = YES;
				"INFOPLIST_KEY_UILaunchScreen_Generation[sdk=iphonesimulator*]" = YES;
				INFOPLIST_KEY_UIStatusBarStyle = "";
				"INFOPLIST_KEY_UIStatusBarStyle[sdk=iphoneos*]" = UIStatusBarStyleDefault;
				"INFOPLIST_KEY_UIStatusBarStyle[sdk=iphonesimulator*]" = UIStatusBarStyleDefault;
				INFOPLIST_KEY_UISupportedInterfaceOrientations = UIInterfaceOrientationPortrait;
				INFOPLIST_KEY_UISupportedInterfaceOrientations_iPad = "UIInterfaceOrientationPortrait UIInterfaceOrientationPortraitUpsideDown";
				IPHONEOS_DEPLOYMENT_TARGET = 18.0;
				LD_RUNPATH_SEARCH_PATHS = "@executable_path/Frameworks";
				"LD_RUNPATH_SEARCH_PATHS[sdk=macosx*]" = "@executable_path/../Frameworks";
				MACOSX_DEPLOYMENT_TARGET = 15.5;
				MARKETING_VERSION = 1.0;
				PRODUCT_BUNDLE_IDENTIFIER = pkv.CarMeetsGo;
				PRODUCT_NAME = "$(TARGET_NAME)";
				REGISTER_APP_GROUPS = YES;
				SDKROOT = auto;
				SUPPORTED_PLATFORMS = "iphonesimulator iphoneos";
				SWIFT_EMIT_LOC_STRINGS = YES;
				SWIFT_VERSION = 5.0;
				TARGETED_DEVICE_FAMILY = 1;
				XROS_DEPLOYMENT_TARGET = 2.5;
			};
			name = Debug;
		};
		9B5BF5332DFEAB9200088946 /* Release */ = {
			isa = XCBuildConfiguration;
			buildSettings = {
				ASSETCATALOG_COMPILER_APPICON_NAME = AppIcon;
				ASSETCATALOG_COMPILER_GLOBAL_ACCENT_COLOR_NAME = AccentColor;
				CODE_SIGN_ENTITLEMENTS = CarMeetsGo/CarMeetsGo.entitlements;
				"CODE_SIGN_IDENTITY[sdk=macosx*]" = "-";
				CODE_SIGN_STYLE = Automatic;
				CURRENT_PROJECT_VERSION = 1;
				ENABLE_PREVIEWS = YES;
				GENERATE_INFOPLIST_FILE = YES;
				INFOPLIST_KEY_CFBundleDisplayName = "Car Meets Go";
				INFOPLIST_KEY_LSApplicationCategoryType = "public.app-category.travel";
				"INFOPLIST_KEY_UIApplicationSceneManifest_Generation[sdk=iphoneos*]" = YES;
				"INFOPLIST_KEY_UIApplicationSceneManifest_Generation[sdk=iphonesimulator*]" = YES;
				"INFOPLIST_KEY_UIApplicationSupportsIndirectInputEvents[sdk=iphoneos*]" = YES;
				"INFOPLIST_KEY_UIApplicationSupportsIndirectInputEvents[sdk=iphonesimulator*]" = YES;
				"INFOPLIST_KEY_UILaunchScreen_Generation[sdk=iphoneos*]" = YES;
				"INFOPLIST_KEY_UILaunchScreen_Generation[sdk=iphonesimulator*]" = YES;
				INFOPLIST_KEY_UIStatusBarStyle = "";
				"INFOPLIST_KEY_UIStatusBarStyle[sdk=iphoneos*]" = UIStatusBarStyleDefault;
				"INFOPLIST_KEY_UIStatusBarStyle[sdk=iphonesimulator*]" = UIStatusBarStyleDefault;
				INFOPLIST_KEY_UISupportedInterfaceOrientations = UIInterfaceOrientationPortrait;
				INFOPLIST_KEY_UISupportedInterfaceOrientations_iPad = "UIInterfaceOrientationPortrait UIInterfaceOrientationPortraitUpsideDown";
				IPHONEOS_DEPLOYMENT_TARGET = 18.0;
				LD_RUNPATH_SEARCH_PATHS = "@executable_path/Frameworks";
				"LD_RUNPATH_SEARCH_PATHS[sdk=macosx*]" = "@executable_path/../Frameworks";
				MACOSX_DEPLOYMENT_TARGET = 15.5;
				MARKETING_VERSION = 1.0;
				PRODUCT_BUNDLE_IDENTIFIER = pkv.CarMeetsGo;
				PRODUCT_NAME = "$(TARGET_NAME)";
				REGISTER_APP_GROUPS = YES;
				SDKROOT = auto;
				SUPPORTED_PLATFORMS = "iphonesimulator iphoneos";
				SWIFT_EMIT_LOC_STRINGS = YES;
				SWIFT_VERSION = 5.0;
				TARGETED_DEVICE_FAMILY = 1;
				XROS_DEPLOYMENT_TARGET = 2.5;
			};
			name = Release;
		};
		9B5BF5352DFEAB9200088946 /* Debug */ = {
			isa = XCBuildConfiguration;
			buildSettings = {
				BUNDLE_LOADER = "$(TEST_HOST)";
				CODE_SIGN_STYLE = Automatic;
				CURRENT_PROJECT_VERSION = 1;
				GENERATE_INFOPLIST_FILE = YES;
				IPHONEOS_DEPLOYMENT_TARGET = 18.5;
				MACOSX_DEPLOYMENT_TARGET = 15.5;
				MARKETING_VERSION = 1.0;
				PRODUCT_BUNDLE_IDENTIFIER = pkv.CarMeetsGoTests;
				PRODUCT_NAME = "$(TARGET_NAME)";
				SDKROOT = auto;
				SUPPORTED_PLATFORMS = "iphoneos iphonesimulator macosx xros xrsimulator";
				SWIFT_EMIT_LOC_STRINGS = NO;
				SWIFT_VERSION = 5.0;
				TARGETED_DEVICE_FAMILY = "1,2,7";
				TEST_HOST = "$(BUILT_PRODUCTS_DIR)/CarMeetsGo.app/$(BUNDLE_EXECUTABLE_FOLDER_PATH)/CarMeetsGo";
				XROS_DEPLOYMENT_TARGET = 2.5;
			};
			name = Debug;
		};
		9B5BF5362DFEAB9200088946 /* Release */ = {
			isa = XCBuildConfiguration;
			buildSettings = {
				BUNDLE_LOADER = "$(TEST_HOST)";
				CODE_SIGN_STYLE = Automatic;
				CURRENT_PROJECT_VERSION = 1;
				GENERATE_INFOPLIST_FILE = YES;
				IPHONEOS_DEPLOYMENT_TARGET = 18.5;
				MACOSX_DEPLOYMENT_TARGET = 15.5;
				MARKETING_VERSION = 1.0;
				PRODUCT_BUNDLE_IDENTIFIER = pkv.CarMeetsGoTests;
				PRODUCT_NAME = "$(TARGET_NAME)";
				SDKROOT = auto;
				SUPPORTED_PLATFORMS = "iphoneos iphonesimulator macosx xros xrsimulator";
				SWIFT_EMIT_LOC_STRINGS = NO;
				SWIFT_VERSION = 5.0;
				TARGETED_DEVICE_FAMILY = "1,2,7";
				TEST_HOST = "$(BUILT_PRODUCTS_DIR)/CarMeetsGo.app/$(BUNDLE_EXECUTABLE_FOLDER_PATH)/CarMeetsGo";
				XROS_DEPLOYMENT_TARGET = 2.5;
			};
			name = Release;
		};
		9B5BF5382DFEAB9200088946 /* Debug */ = {
			isa = XCBuildConfiguration;
			buildSettings = {
				CODE_SIGN_STYLE = Automatic;
				CURRENT_PROJECT_VERSION = 1;
				GENERATE_INFOPLIST_FILE = YES;
				IPHONEOS_DEPLOYMENT_TARGET = 18.5;
				MACOSX_DEPLOYMENT_TARGET = 15.5;
				MARKETING_VERSION = 1.0;
				PRODUCT_BUNDLE_IDENTIFIER = pkv.CarMeetsGoUITests;
				PRODUCT_NAME = "$(TARGET_NAME)";
				SDKROOT = auto;
				SUPPORTED_PLATFORMS = "iphoneos iphonesimulator macosx xros xrsimulator";
				SWIFT_EMIT_LOC_STRINGS = NO;
				SWIFT_VERSION = 5.0;
				TARGETED_DEVICE_FAMILY = "1,2,7";
				TEST_TARGET_NAME = CarMeetsGo;
				XROS_DEPLOYMENT_TARGET = 2.5;
			};
			name = Debug;
		};
		9B5BF5392DFEAB9200088946 /* Release */ = {
			isa = XCBuildConfiguration;
			buildSettings = {
				CODE_SIGN_STYLE = Automatic;
				CURRENT_PROJECT_VERSION = 1;
				GENERATE_INFOPLIST_FILE = YES;
				IPHONEOS_DEPLOYMENT_TARGET = 18.5;
				MACOSX_DEPLOYMENT_TARGET = 15.5;
				MARKETING_VERSION = 1.0;
				PRODUCT_BUNDLE_IDENTIFIER = pkv.CarMeetsGoUITests;
				PRODUCT_NAME = "$(TARGET_NAME)";
				SDKROOT = auto;
				SUPPORTED_PLATFORMS = "iphoneos iphonesimulator macosx xros xrsimulator";
				SWIFT_EMIT_LOC_STRINGS = NO;
				SWIFT_VERSION = 5.0;
				TARGETED_DEVICE_FAMILY = "1,2,7";
				TEST_TARGET_NAME = CarMeetsGo;
				XROS_DEPLOYMENT_TARGET = 2.5;
			};
			name = Release;
		};
/* End XCBuildConfiguration section */

/* Begin XCConfigurationList section */
		9B5BF50A2DFEAB9000088946 /* Build configuration list for PBXProject "CarMeetsGo" */ = {
			isa = XCConfigurationList;
			buildConfigurations = (
				9B5BF52F2DFEAB9200088946 /* Debug */,
				9B5BF5302DFEAB9200088946 /* Release */,
			);
			defaultConfigurationIsVisible = 0;
			defaultConfigurationName = Release;
		};
		9B5BF5312DFEAB9200088946 /* Build configuration list for PBXNativeTarget "CarMeetsGo" */ = {
			isa = XCConfigurationList;
			buildConfigurations = (
				9B5BF5322DFEAB9200088946 /* Debug */,
				9B5BF5332DFEAB9200088946 /* Release */,
			);
			defaultConfigurationIsVisible = 0;
			defaultConfigurationName = Release;
		};
		9B5BF5342DFEAB9200088946 /* Build configuration list for PBXNativeTarget "CarMeetsGoTests" */ = {
			isa = XCConfigurationList;
			buildConfigurations = (
				9B5BF5352DFEAB9200088946 /* Debug */,
				9B5BF5362DFEAB9200088946 /* Release */,
			);
			defaultConfigurationIsVisible = 0;
			defaultConfigurationName = Release;
		};
		9B5BF5372DFEAB9200088946 /* Build configuration list for PBXNativeTarget "CarMeetsGoUITests" */ = {
			isa = XCConfigurationList;
			buildConfigurations = (
				9B5BF5382DFEAB9200088946 /* Debug */,
				9B5BF5392DFEAB9200088946 /* Release */,
			);
			defaultConfigurationIsVisible = 0;
			defaultConfigurationName = Release;
		};
/* End XCConfigurationList section */

/* Begin XCRemoteSwiftPackageReference section */
		9B5BF53F2DFEC34700088946 /* XCRemoteSwiftPackageReference "firebase-ios-sdk" */ = {
			isa = XCRemoteSwiftPackageReference;
			repositoryURL = "https://github.com/firebase/firebase-ios-sdk.git";
			requirement = {
				kind = upToNextMajorVersion;
				minimumVersion = 11.14.0;
			};
		};
/* End XCRemoteSwiftPackageReference section */

/* Begin XCSwiftPackageProductDependency section */
		9B5BF5402DFEC34700088946 /* FirebaseAnalytics */ = {
			isa = XCSwiftPackageProductDependency;
			package = 9B5BF53F2DFEC34700088946 /* XCRemoteSwiftPackageReference "firebase-ios-sdk" */;
			productName = FirebaseAnalytics;
		};
		9B5BF5422DFEC34700088946 /* FirebaseAuth */ = {
			isa = XCSwiftPackageProductDependency;
			package = 9B5BF53F2DFEC34700088946 /* XCRemoteSwiftPackageReference "firebase-ios-sdk" */;
			productName = FirebaseAuth;
		};
		9B5BF5442DFEC34700088946 /* FirebaseCore */ = {
			isa = XCSwiftPackageProductDependency;
			package = 9B5BF53F2DFEC34700088946 /* XCRemoteSwiftPackageReference "firebase-ios-sdk" */;
			productName = FirebaseCore;
		};
		9B5BF5462DFEC34700088946 /* FirebaseDatabase */ = {
			isa = XCSwiftPackageProductDependency;
			package = 9B5BF53F2DFEC34700088946 /* XCRemoteSwiftPackageReference "firebase-ios-sdk" */;
			productName = FirebaseDatabase;
		};
		9B5BF5482DFEC34700088946 /* FirebaseFirestore */ = {
			isa = XCSwiftPackageProductDependency;
			package = 9B5BF53F2DFEC34700088946 /* XCRemoteSwiftPackageReference "firebase-ios-sdk" */;
			productName = FirebaseFirestore;
		};
		9B5BF54A2DFEC34700088946 /* FirebaseInAppMessaging-Beta */ = {
			isa = XCSwiftPackageProductDependency;
			package = 9B5BF53F2DFEC34700088946 /* XCRemoteSwiftPackageReference "firebase-ios-sdk" */;
			productName = "FirebaseInAppMessaging-Beta";
		};
		9B5BF54C2DFEC34700088946 /* FirebaseMessaging */ = {
			isa = XCSwiftPackageProductDependency;
			package = 9B5BF53F2DFEC34700088946 /* XCRemoteSwiftPackageReference "firebase-ios-sdk" */;
			productName = FirebaseMessaging;
		};
		9B5BF54E2DFEC34700088946 /* FirebaseStorage */ = {
			isa = XCSwiftPackageProductDependency;
			package = 9B5BF53F2DFEC34700088946 /* XCRemoteSwiftPackageReference "firebase-ios-sdk" */;
			productName = FirebaseStorage;
		};
/* End XCSwiftPackageProductDependency section */
	};
	rootObject = 9B5BF5072DFEAB9000088946 /* Project object */;
}
